
Microsoft Visual Studio Solution File, Format Version 12.00
# Visual Studio 15
VisualStudioVersion = 15.0.27703.2042
MinimumVisualStudioVersion = 10.0.40219.1
Project("{FAE04EC0-301F-11D3-BF4B-00C04F79EFBC}") = "iShare", "iShare\iShare.csproj", "{4434A378-C47E-4970-8DC9-39AFE3D7183A}"
EndProject
Global
	GlobalSection(SolutionConfigurationPlatforms) = preSolution
		Debug|Any CPU = Debug|Any CPU
		Release|Any CPU = Release|Any CPU
	EndGlobalSection
	GlobalSection(ProjectConfigurationPlatforms) = postSolution
		{4434A378-C47E-4970-8DC9-39AFE3D7183A}.Debug|Any CPU.ActiveCfg = Debug|Any CPU
		{4434A378-C47E-4970-8DC9-39AFE3D7183A}.Debug|Any CPU.Build.0 = Debug|Any CPU
		{4434A378-C47E-4970-8DC9-39AFE3D7183A}.Release|Any CPU.ActiveCfg = Release|Any CPU
		{4434A378-C47E-4970-8DC9-39AFE3D7183A}.Release|Any CPU.Build.0 = Release|Any CPU
	EndGlobalSection
	GlobalSection(SolutionProperties) = preSolution
		HideSolutionNode = FALSE
	EndGlobalSection
	GlobalSection(ExtensibilityGlobals) = postSolution
		SolutionGuid = {0A6D4EAF-548A-415B-891F-4E90FF96F7E8}
	EndGlobalSection
EndGlobal
