
Microsoft Visual Studio Solution File, Format Version 12.00
# Visual Studio 15
VisualStudioVersion = 15.0.27428.2037
MinimumVisualStudioVersion = 10.0.40219.1
Project("{FAE04EC0-301F-11D3-BF4B-00C04F79EFBC}") = "T", "T\T.csproj", "{A41747E2-9415-4018-84E6-192F20527F5A}"
EndProject
Project("{FAE04EC0-301F-11D3-BF4B-00C04F79EFBC}") = "WindowsFormsApp1", "WindowsFormsApp1\WindowsFormsApp1.csproj", "{228B25C3-D492-4E05-94EC-12119222CFD2}"
EndProject
Project("{FAE04EC0-301F-11D3-BF4B-00C04F79EFBC}") = "ClassLibrary1", "ClassLibrary1\ClassLibrary1.csproj", "{A1A88F0B-7946-4B49-8050-177DCE18562B}"
EndProject
Global
	GlobalSection(SolutionConfigurationPlatforms) = preSolution
		Debug|Any CPU = Debug|Any CPU
		Release|Any CPU = Release|Any CPU
	EndGlobalSection
	GlobalSection(ProjectConfigurationPlatforms) = postSolution
		{A41747E2-9415-4018-84E6-192F20527F5A}.Debug|Any CPU.ActiveCfg = Debug|Any CPU
		{A41747E2-9415-4018-84E6-192F20527F5A}.Debug|Any CPU.Build.0 = Debug|Any CPU
		{A41747E2-9415-4018-84E6-192F20527F5A}.Release|Any CPU.ActiveCfg = Release|Any CPU
		{A41747E2-9415-4018-84E6-192F20527F5A}.Release|Any CPU.Build.0 = Release|Any CPU
		{228B25C3-D492-4E05-94EC-12119222CFD2}.Debug|Any CPU.ActiveCfg = Debug|Any CPU
		{228B25C3-D492-4E05-94EC-12119222CFD2}.Debug|Any CPU.Build.0 = Debug|Any CPU
		{228B25C3-D492-4E05-94EC-12119222CFD2}.Release|Any CPU.ActiveCfg = Release|Any CPU
		{228B25C3-D492-4E05-94EC-12119222CFD2}.Release|Any CPU.Build.0 = Release|Any CPU
		{A1A88F0B-7946-4B49-8050-177DCE18562B}.Debug|Any CPU.ActiveCfg = Debug|Any CPU
		{A1A88F0B-7946-4B49-8050-177DCE18562B}.Debug|Any CPU.Build.0 = Debug|Any CPU
		{A1A88F0B-7946-4B49-8050-177DCE18562B}.Release|Any CPU.ActiveCfg = Release|Any CPU
		{A1A88F0B-7946-4B49-8050-177DCE18562B}.Release|Any CPU.Build.0 = Release|Any CPU
	EndGlobalSection
	GlobalSection(SolutionProperties) = preSolution
		HideSolutionNode = FALSE
	EndGlobalSection
	GlobalSection(ExtensibilityGlobals) = postSolution
		SolutionGuid = {B411BF1F-C2C3-4EDA-9F51-5800CF50F822}
	EndGlobalSection
EndGlobal
